
Microsoft Visual Studio Solution File, Format Version 12.00
# Visual Studio Version 16
VisualStudioVersion = 16.0.31321.278
MinimumVisualStudioVersion = 10.0.40219.1
Project("{9A19103F-16F7-4668-BE54-9A1E7A4F7556}") = "BiosTicketSystem", "BiosTicketSystem\BiosTicketSystem.csproj", "{E7E8AE1F-0A4D-4629-B636-DAA5DCE81298}"
EndProject
Project("{FAE04EC0-301F-11D3-BF4B-00C04F79EFBC}") = "BiosTicketSystemTests", "BiosTicketSystemTests\BiosTicketSystemTests.csproj", "{BC466E6A-B6D1-4EAF-A434-B3784ECE77D8}"
EndProject
Global
	GlobalSection(SolutionConfigurationPlatforms) = preSolution
		Debug|Any CPU = Debug|Any CPU
		Release|Any CPU = Release|Any CPU
	EndGlobalSection
	GlobalSection(ProjectConfigurationPlatforms) = postSolution
		{E7E8AE1F-0A4D-4629-B636-DAA5DCE81298}.Debug|Any CPU.ActiveCfg = Debug|Any CPU
		{E7E8AE1F-0A4D-4629-B636-DAA5DCE81298}.Debug|Any CPU.Build.0 = Debug|Any CPU
		{E7E8AE1F-0A4D-4629-B636-DAA5DCE81298}.Release|Any CPU.ActiveCfg = Release|Any CPU
		{E7E8AE1F-0A4D-4629-B636-DAA5DCE81298}.Release|Any CPU.Build.0 = Release|Any CPU
		{BC466E6A-B6D1-4EAF-A434-B3784ECE77D8}.Debug|Any CPU.ActiveCfg = Debug|Any CPU
		{BC466E6A-B6D1-4EAF-A434-B3784ECE77D8}.Debug|Any CPU.Build.0 = Debug|Any CPU
		{BC466E6A-B6D1-4EAF-A434-B3784ECE77D8}.Release|Any CPU.ActiveCfg = Release|Any CPU
		{BC466E6A-B6D1-4EAF-A434-B3784ECE77D8}.Release|Any CPU.Build.0 = Release|Any CPU
	EndGlobalSection
	GlobalSection(SolutionProperties) = preSolution
		HideSolutionNode = FALSE
	EndGlobalSection
	GlobalSection(ExtensibilityGlobals) = postSolution
		SolutionGuid = {AD61DA41-82DB-4ACE-87E0-8554D6A8ABC1}
	EndGlobalSection
EndGlobal
